// !$*UTF8*$!
{
	archiveVersion = 1;
	classes = {
	};
	objectVersion = 46;
	objects = {

/* Begin PBXBuildFile section */
		C69324552177E05900C349A2 /* SEGAppsFlyerIntegration.m in Sources */ = {isa = PBXBuildFile; fileRef = C69324412177E05900C349A2 /* SEGAppsFlyerIntegration.m */; };
		C69324562177E05900C349A2 /* SEGAppsFlyerIntegrationFactory.m in Sources */ = {isa = PBXBuildFile; fileRef = C69324422177E05900C349A2 /* SEGAppsFlyerIntegrationFactory.m */; };
		C69324572177E05900C349A2 /* IDFADelegate.m in Sources */ = {isa = PBXBuildFile; fileRef = C69324472177E05900C349A2 /* IDFADelegate.m */; };
		C693245A2177E05900C349A2 /* SEGAppboyIntegrationFactory.m in Sources */ = {isa = PBXBuildFile; fileRef = C693244F2177E05900C349A2 /* SEGAppboyIntegrationFactory.m */; };
		C693245B2177E05900C349A2 /* SEGAppboyIntegrationEndpointDelegate.m in Sources */ = {isa = PBXBuildFile; fileRef = C69324502177E05900C349A2 /* SEGAppboyIntegrationEndpointDelegate.m */; };
		C693245C2177E05900C349A2 /* SEGAppboyIntegration.m in Sources */ = {isa = PBXBuildFile; fileRef = C69324512177E05900C349A2 /* SEGAppboyIntegration.m */; };
		EA880B921D04119B00FA807F /* RNSegmentIOAnalytics.m in Sources */ = {isa = PBXBuildFile; fileRef = EA880B911D04119B00FA807F /* RNSegmentIOAnalytics.m */; };
/* End PBXBuildFile section */

/* Begin PBXCopyFilesBuildPhase section */
		58B511D91A9E6C8500147676 /* CopyFiles */ = {
			isa = PBXCopyFilesBuildPhase;
			buildActionMask = 2147483647;
			dstPath = "include/$(PRODUCT_NAME)";
			dstSubfolderSpec = 16;
			files = (
			);
			runOnlyForDeploymentPostprocessing = 0;
		};
/* End PBXCopyFilesBuildPhase section */

/* Begin PBXFileReference section */
		134814201AA4EA6300B7C361 /* libRNSegmentIOAnalytics.a */ = {isa = PBXFileReference; explicitFileType = archive.ar; includeInIndex = 0; path = libRNSegmentIOAnalytics.a; sourceTree = BUILT_PRODUCTS_DIR; };
		C69324412177E05900C349A2 /* SEGAppsFlyerIntegration.m */ = {isa = PBXFileReference; fileEncoding = 4; lastKnownFileType = sourcecode.c.objc; path = SEGAppsFlyerIntegration.m; sourceTree = "<group>"; };
		C69324422177E05900C349A2 /* SEGAppsFlyerIntegrationFactory.m */ = {isa = PBXFileReference; fileEncoding = 4; lastKnownFileType = sourcecode.c.objc; path = SEGAppsFlyerIntegrationFactory.m; sourceTree = "<group>"; };
		C69324432177E05900C349A2 /* SegmentAppsFlyeriOS.h */ = {isa = PBXFileReference; fileEncoding = 4; lastKnownFileType = sourcecode.c.h; path = SegmentAppsFlyeriOS.h; sourceTree = "<group>"; };
		C69324442177E05900C349A2 /* SEGAppsFlyerIntegration.h */ = {isa = PBXFileReference; fileEncoding = 4; lastKnownFileType = sourcecode.c.h; path = SEGAppsFlyerIntegration.h; sourceTree = "<group>"; };
		C69324452177E05900C349A2 /* SEGAppsFlyerIntegrationFactory.h */ = {isa = PBXFileReference; fileEncoding = 4; lastKnownFileType = sourcecode.c.h; path = SEGAppsFlyerIntegrationFactory.h; sourceTree = "<group>"; };
		C69324462177E05900C349A2 /* IDFADelegate.h */ = {isa = PBXFileReference; fileEncoding = 4; lastKnownFileType = sourcecode.c.h; path = IDFADelegate.h; sourceTree = "<group>"; };
		C69324472177E05900C349A2 /* IDFADelegate.m */ = {isa = PBXFileReference; fileEncoding = 4; lastKnownFileType = sourcecode.c.objc; path = IDFADelegate.m; sourceTree = "<group>"; };
		C693244F2177E05900C349A2 /* SEGAppboyIntegrationFactory.m */ = {isa = PBXFileReference; fileEncoding = 4; lastKnownFileType = sourcecode.c.objc; path = SEGAppboyIntegrationFactory.m; sourceTree = "<group>"; };
		C69324502177E05900C349A2 /* SEGAppboyIntegrationEndpointDelegate.m */ = {isa = PBXFileReference; fileEncoding = 4; lastKnownFileType = sourcecode.c.objc; path = SEGAppboyIntegrationEndpointDelegate.m; sourceTree = "<group>"; };
		C69324512177E05900C349A2 /* SEGAppboyIntegration.m */ = {isa = PBXFileReference; fileEncoding = 4; lastKnownFileType = sourcecode.c.objc; path = SEGAppboyIntegration.m; sourceTree = "<group>"; };
		C69324522177E05900C349A2 /* SEGAppboyIntegrationFactory.h */ = {isa = PBXFileReference; fileEncoding = 4; lastKnownFileType = sourcecode.c.h; path = SEGAppboyIntegrationFactory.h; sourceTree = "<group>"; };
		C69324532177E05900C349A2 /* SEGAppboyIntegration.h */ = {isa = PBXFileReference; fileEncoding = 4; lastKnownFileType = sourcecode.c.h; path = SEGAppboyIntegration.h; sourceTree = "<group>"; };
		C69324542177E05900C349A2 /* SEGAppboyIntegrationEndpointDelegate.h */ = {isa = PBXFileReference; fileEncoding = 4; lastKnownFileType = sourcecode.c.h; path = SEGAppboyIntegrationEndpointDelegate.h; sourceTree = "<group>"; };
		EA880B901D04119B00FA807F /* RNSegmentIOAnalytics.h */ = {isa = PBXFileReference; fileEncoding = 4; lastKnownFileType = sourcecode.c.h; path = RNSegmentIOAnalytics.h; sourceTree = "<group>"; };
		EA880B911D04119B00FA807F /* RNSegmentIOAnalytics.m */ = {isa = PBXFileReference; fileEncoding = 4; lastKnownFileType = sourcecode.c.objc; path = RNSegmentIOAnalytics.m; sourceTree = "<group>"; };
/* End PBXFileReference section */

/* Begin PBXFrameworksBuildPhase section */
		58B511D81A9E6C8500147676 /* Frameworks */ = {
			isa = PBXFrameworksBuildPhase;
			buildActionMask = 2147483647;
			files = (
			);
			runOnlyForDeploymentPostprocessing = 0;
		};
/* End PBXFrameworksBuildPhase section */

/* Begin PBXGroup section */
		134814211AA4EA7D00B7C361 /* Products */ = {
			isa = PBXGroup;
			children = (
				134814201AA4EA6300B7C361 /* libRNSegmentIOAnalytics.a */,
			);
			name = Products;
			sourceTree = "<group>";
		};
		58B511D21A9E6C8500147676 = {
			isa = PBXGroup;
			children = (
				EA880B8F1D04119B00FA807F /* RNAnalytics */,
				134814211AA4EA7D00B7C361 /* Products */,
			);
			sourceTree = "<group>";
		};
		C69324402177E05900C349A2 /* AppsFlyer */ = {
			isa = PBXGroup;
			children = (
				C69324412177E05900C349A2 /* SEGAppsFlyerIntegration.m */,
				C69324422177E05900C349A2 /* SEGAppsFlyerIntegrationFactory.m */,
				C69324432177E05900C349A2 /* SegmentAppsFlyeriOS.h */,
				C69324442177E05900C349A2 /* SEGAppsFlyerIntegration.h */,
				C69324452177E05900C349A2 /* SEGAppsFlyerIntegrationFactory.h */,
			);
			path = AppsFlyer;
			sourceTree = "<group>";
		};
		C693244E2177E05900C349A2 /* Braze */ = {
			isa = PBXGroup;
			children = (
				C693244F2177E05900C349A2 /* SEGAppboyIntegrationFactory.m */,
				C69324502177E05900C349A2 /* SEGAppboyIntegrationEndpointDelegate.m */,
				C69324512177E05900C349A2 /* SEGAppboyIntegration.m */,
				C69324522177E05900C349A2 /* SEGAppboyIntegrationFactory.h */,
				C69324532177E05900C349A2 /* SEGAppboyIntegration.h */,
				C69324542177E05900C349A2 /* SEGAppboyIntegrationEndpointDelegate.h */,
			);
			path = Braze;
			sourceTree = "<group>";
		};
		EA880B8F1D04119B00FA807F /* RNAnalytics */ = {
			isa = PBXGroup;
			children = (
				C69324402177E05900C349A2 /* AppsFlyer */,
				C693244E2177E05900C349A2 /* Braze */,
				C69324462177E05900C349A2 /* IDFADelegate.h */,
				C69324472177E05900C349A2 /* IDFADelegate.m */,
				EA880B901D04119B00FA807F /* RNSegmentIOAnalytics.h */,
				EA880B911D04119B00FA807F /* RNSegmentIOAnalytics.m */,
			);
			path = RNAnalytics;
			sourceTree = "<group>";
		};
/* End PBXGroup section */

/* Begin PBXNativeTarget section */
		58B511DA1A9E6C8500147676 /* RNSegmentIOAnalytics */ = {
			isa = PBXNativeTarget;
			buildConfigurationList = 58B511EF1A9E6C8500147676 /* Build configuration list for PBXNativeTarget "RNSegmentIOAnalytics" */;
			buildPhases = (
				58B511D71A9E6C8500147676 /* Sources */,
				58B511D81A9E6C8500147676 /* Frameworks */,
				58B511D91A9E6C8500147676 /* CopyFiles */,
			);
			buildRules = (
			);
			dependencies = (
			);
			name = RNSegmentIOAnalytics;
			productName = RCTDataManager;
			productReference = 134814201AA4EA6300B7C361 /* libRNSegmentIOAnalytics.a */;
			productType = "com.apple.product-type.library.static";
		};
/* End PBXNativeTarget section */

/* Begin PBXProject section */
		58B511D31A9E6C8500147676 /* Project object */ = {
			isa = PBXProject;
			attributes = {
				LastUpgradeCheck = 0610;
				ORGANIZATIONNAME = Facebook;
				TargetAttributes = {
					58B511DA1A9E6C8500147676 = {
						CreatedOnToolsVersion = 6.1.1;
					};
				};
			};
			buildConfigurationList = 58B511D61A9E6C8500147676 /* Build configuration list for PBXProject "RNSegmentIOAnalytics" */;
			compatibilityVersion = "Xcode 3.2";
			developmentRegion = English;
			hasScannedForEncodings = 0;
			knownRegions = (
				English,
				en,
			);
			mainGroup = 58B511D21A9E6C8500147676;
			productRefGroup = 58B511D21A9E6C8500147676;
			projectDirPath = "";
			projectRoot = "";
			targets = (
				58B511DA1A9E6C8500147676 /* RNSegmentIOAnalytics */,
			);
		};
/* End PBXProject section */

/* Begin PBXSourcesBuildPhase section */
		58B511D71A9E6C8500147676 /* Sources */ = {
			isa = PBXSourcesBuildPhase;
			buildActionMask = 2147483647;
			files = (
				C693245A2177E05900C349A2 /* SEGAppboyIntegrationFactory.m in Sources */,
				C69324572177E05900C349A2 /* IDFADelegate.m in Sources */,
				C693245C2177E05900C349A2 /* SEGAppboyIntegration.m in Sources */,
				C693245B2177E05900C349A2 /* SEGAppboyIntegrationEndpointDelegate.m in Sources */,
				EA880B921D04119B00FA807F /* RNSegmentIOAnalytics.m in Sources */,
				C69324562177E05900C349A2 /* SEGAppsFlyerIntegrationFactory.m in Sources */,
				C69324552177E05900C349A2 /* SEGAppsFlyerIntegration.m in Sources */,
			);
			runOnlyForDeploymentPostprocessing = 0;
		};
/* End PBXSourcesBuildPhase section */

/* Begin XCBuildConfiguration section */
		58B511ED1A9E6C8500147676 /* Debug */ = {
			isa = XCBuildConfiguration;
			buildSettings = {
				ALWAYS_SEARCH_USER_PATHS = NO;
				CLANG_CXX_LANGUAGE_STANDARD = "gnu++0x";
				CLANG_CXX_LIBRARY = "libc++";
				CLANG_ENABLE_MODULES = YES;
				CLANG_ENABLE_OBJC_ARC = YES;
				CLANG_WARN_BOOL_CONVERSION = YES;
				CLANG_WARN_CONSTANT_CONVERSION = YES;
				CLANG_WARN_DIRECT_OBJC_ISA_USAGE = YES_ERROR;
				CLANG_WARN_EMPTY_BODY = YES;
				CLANG_WARN_ENUM_CONVERSION = YES;
				CLANG_WARN_INT_CONVERSION = YES;
				CLANG_WARN_OBJC_ROOT_CLASS = YES_ERROR;
				CLANG_WARN_UNREACHABLE_CODE = YES;
				CLANG_WARN__DUPLICATE_METHOD_MATCH = YES;
				COPY_PHASE_STRIP = NO;
				ENABLE_STRICT_OBJC_MSGSEND = YES;
				GCC_C_LANGUAGE_STANDARD = gnu99;
				GCC_DYNAMIC_NO_PIC = NO;
				GCC_OPTIMIZATION_LEVEL = 0;
				GCC_PREPROCESSOR_DEFINITIONS = (
					"DEBUG=1",
					"$(inherited)",
				);
				GCC_SYMBOLS_PRIVATE_EXTERN = NO;
				GCC_WARN_64_TO_32_BIT_CONVERSION = YES;
				GCC_WARN_ABOUT_RETURN_TYPE = YES_ERROR;
				GCC_WARN_UNDECLARED_SELECTOR = YES;
				GCC_WARN_UNINITIALIZED_AUTOS = YES_AGGRESSIVE;
				GCC_WARN_UNUSED_FUNCTION = YES;
				GCC_WARN_UNUSED_VARIABLE = YES;
				IPHONEOS_DEPLOYMENT_TARGET = 7.0;
				MTL_ENABLE_DEBUG_INFO = YES;
				ONLY_ACTIVE_ARCH = YES;
				SDKROOT = iphoneos;
			};
			name = Debug;
		};
		58B511EE1A9E6C8500147676 /* Release */ = {
			isa = XCBuildConfiguration;
			buildSettings = {
				ALWAYS_SEARCH_USER_PATHS = NO;
				CLANG_CXX_LANGUAGE_STANDARD = "gnu++0x";
				CLANG_CXX_LIBRARY = "libc++";
				CLANG_ENABLE_MODULES = YES;
				CLANG_ENABLE_OBJC_ARC = YES;
				CLANG_WARN_BOOL_CONVERSION = YES;
				CLANG_WARN_CONSTANT_CONVERSION = YES;
				CLANG_WARN_DIRECT_OBJC_ISA_USAGE = YES_ERROR;
				CLANG_WARN_EMPTY_BODY = YES;
				CLANG_WARN_ENUM_CONVERSION = YES;
				CLANG_WARN_INT_CONVERSION = YES;
				CLANG_WARN_OBJC_ROOT_CLASS = YES_ERROR;
				CLANG_WARN_UNREACHABLE_CODE = YES;
				CLANG_WARN__DUPLICATE_METHOD_MATCH = YES;
				COPY_PHASE_STRIP = YES;
				ENABLE_NS_ASSERTIONS = NO;
				ENABLE_STRICT_OBJC_MSGSEND = YES;
				GCC_C_LANGUAGE_STANDARD = gnu99;
				GCC_WARN_64_TO_32_BIT_CONVERSION = YES;
				GCC_WARN_ABOUT_RETURN_TYPE = YES_ERROR;
				GCC_WARN_UNDECLARED_SELECTOR = YES;
				GCC_WARN_UNINITIALIZED_AUTOS = YES_AGGRESSIVE;
				GCC_WARN_UNUSED_FUNCTION = YES;
				GCC_WARN_UNUSED_VARIABLE = YES;
				IPHONEOS_DEPLOYMENT_TARGET = 7.0;
				MTL_ENABLE_DEBUG_INFO = NO;
				SDKROOT = iphoneos;
				VALIDATE_PRODUCT = YES;
			};
			name = Release;
		};
		58B511F01A9E6C8500147676 /* Debug */ = {
			isa = XCBuildConfiguration;
			buildSettings = {
				FRAMEWORK_SEARCH_PATHS = (
					../../../ios/Frameworks/Segment,
					../../../ios/Frameworks/Appboy,
					../../../ios/Frameworks/AppsFlyer,
				);
				HEADER_SEARCH_PATHS = ../../../ios/Frameworks/Appboy/Appboy_iOS_SDK.framework/Headers;
				OTHER_LDFLAGS = (
					"-ObjC",
					"$(inherited)",
				);
				PRODUCT_NAME = RNSegmentIOAnalytics;
				SKIP_INSTALL = YES;
			};
			name = Debug;
		};
		58B511F11A9E6C8500147676 /* Release */ = {
			isa = XCBuildConfiguration;
			buildSettings = {
				FRAMEWORK_SEARCH_PATHS = (
					../../../ios/Frameworks/Segment,
					../../../ios/Frameworks/Appboy,
					../../../ios/Frameworks/AppsFlyer,
				);
				HEADER_SEARCH_PATHS = ../../../ios/Frameworks/Appboy/Appboy_iOS_SDK.framework/Headers;
				OTHER_LDFLAGS = (
					"-ObjC",
					"$(inherited)",
				);
				PRODUCT_NAME = RNSegmentIOAnalytics;
				SKIP_INSTALL = YES;
			};
			name = Release;
		};
/* End XCBuildConfiguration section */

/* Begin XCConfigurationList section */
		58B511D61A9E6C8500147676 /* Build configuration list for PBXProject "RNSegmentIOAnalytics" */ = {
			isa = XCConfigurationList;
			buildConfigurations = (
				58B511ED1A9E6C8500147676 /* Debug */,
				58B511EE1A9E6C8500147676 /* Release */,
			);
			defaultConfigurationIsVisible = 0;
			defaultConfigurationName = Release;
		};
		58B511EF1A9E6C8500147676 /* Build configuration list for PBXNativeTarget "RNSegmentIOAnalytics" */ = {
			isa = XCConfigurationList;
			buildConfigurations = (
				58B511F01A9E6C8500147676 /* Debug */,
				58B511F11A9E6C8500147676 /* Release */,
			);
			defaultConfigurationIsVisible = 0;
			defaultConfigurationName = Release;
		};
/* End XCConfigurationList section */
	};
	rootObject = 58B511D31A9E6C8500147676 /* Project object */;
}
